
Microsoft Visual Studio Solution File, Format Version 12.00
# Visual Studio 15
VisualStudioVersion = 15.0.28010.2046
MinimumVisualStudioVersion = 10.0.40219.1
Project("{FAE04EC0-301F-11D3-BF4B-00C04F79EFBC}") = "CriticalSections", "CriticalSections\CriticalSections.csproj", "{C229C0BD-9213-490D-8067-B1F5917F3693}"
EndProject
Global
	GlobalSection(SolutionConfigurationPlatforms) = preSolution
		Debug|Any CPU = Debug|Any CPU
		Release|Any CPU = Release|Any CPU
	EndGlobalSection
	GlobalSection(ProjectConfigurationPlatforms) = postSolution
		{C229C0BD-9213-490D-8067-B1F5917F3693}.Debug|Any CPU.ActiveCfg = Debug|Any CPU
		{C229C0BD-9213-490D-8067-B1F5917F3693}.Debug|Any CPU.Build.0 = Debug|Any CPU
		{C229C0BD-9213-490D-8067-B1F5917F3693}.Release|Any CPU.ActiveCfg = Release|Any CPU
		{C229C0BD-9213-490D-8067-B1F5917F3693}.Release|Any CPU.Build.0 = Release|Any CPU
	EndGlobalSection
	GlobalSection(SolutionProperties) = preSolution
		HideSolutionNode = FALSE
	EndGlobalSection
	GlobalSection(ExtensibilityGlobals) = postSolution
		SolutionGuid = {58A0DFDB-0ADD-415C-9AC5-4C12EF8F9FB0}
	EndGlobalSection
EndGlobal
